// !$*UTF8*$!
{
	archiveVersion = 1;
	classes = {
	};
	objectVersion = 56;
	objects = {

/* Begin PBXBuildFile section */
		4439172F2A684618003A9924 /* AppDelegate.swift in Sources */ = {isa = PBXBuildFile; fileRef = 4439172E2A684618003A9924 /* AppDelegate.swift */; };
		443917312A684618003A9924 /* SceneDelegate.swift in Sources */ = {isa = PBXBuildFile; fileRef = 443917302A684618003A9924 /* SceneDelegate.swift */; };
		443917332A684618003A9924 /* ViewController.swift in Sources */ = {isa = PBXBuildFile; fileRef = 443917322A684618003A9924 /* ViewController.swift */; };
		443917362A684618003A9924 /* Main.storyboard in Resources */ = {isa = PBXBuildFile; fileRef = 443917342A684618003A9924 /* Main.storyboard */; };
		443917382A68461B003A9924 /* Assets.xcassets in Resources */ = {isa = PBXBuildFile; fileRef = 443917372A68461B003A9924 /* Assets.xcassets */; };
		4439173B2A68461B003A9924 /* LaunchScreen.storyboard in Resources */ = {isa = PBXBuildFile; fileRef = 443917392A68461B003A9924 /* LaunchScreen.storyboard */; };
		443917492A684657003A9924 /* WidgetKit.framework in Frameworks */ = {isa = PBXBuildFile; fileRef = 443917482A684657003A9924 /* WidgetKit.framework */; };
		4439174B2A684657003A9924 /* SwiftUI.framework in Frameworks */ = {isa = PBXBuildFile; fileRef = 4439174A2A684657003A9924 /* SwiftUI.framework */; };
		4439174E2A684657003A9924 /* WidgetBundle.swift in Sources */ = {isa = PBXBuildFile; fileRef = 4439174D2A684657003A9924 /* WidgetBundle.swift */; };
		443917502A684657003A9924 /* Widget.swift in Sources */ = {isa = PBXBuildFile; fileRef = 4439174F2A684657003A9924 /* Widget.swift */; };
		443917522A684659003A9924 /* Assets.xcassets in Resources */ = {isa = PBXBuildFile; fileRef = 443917512A684659003A9924 /* Assets.xcassets */; };
		443917562A684659003A9924 /* WidgetExtension.appex in Embed Foundation Extensions */ = {isa = PBXBuildFile; fileRef = 443917462A684657003A9924 /* WidgetExtension.appex */; settings = {ATTRIBUTES = (RemoveHeadersOnCopy, ); }; };
		4439175D2A6846BB003A9924 /* Debug.swift in Sources */ = {isa = PBXBuildFile; fileRef = 4439175C2A6846BB003A9924 /* Debug.swift */; };
		4439175E2A6846BB003A9924 /* Debug.swift in Sources */ = {isa = PBXBuildFile; fileRef = 4439175C2A6846BB003A9924 /* Debug.swift */; };
		443917602A684742003A9924 /* WidgetModel.swift in Sources */ = {isa = PBXBuildFile; fileRef = 4439175F2A684742003A9924 /* WidgetModel.swift */; };
		443917612A684742003A9924 /* WidgetModel.swift in Sources */ = {isa = PBXBuildFile; fileRef = 4439175F2A684742003A9924 /* WidgetModel.swift */; };
/* End PBXBuildFile section */

/* Begin PBXContainerItemProxy section */
		443917542A684659003A9924 /* PBXContainerItemProxy */ = {
			isa = PBXContainerItemProxy;
			containerPortal = 443917232A684618003A9924 /* Project object */;
			proxyType = 1;
			remoteGlobalIDString = 443917452A684657003A9924;
			remoteInfo = WidgetExtension;
		};
/* End PBXContainerItemProxy section */

/* Begin PBXCopyFilesBuildPhase section */
		4439175A2A68465A003A9924 /* Embed Foundation Extensions */ = {
			isa = PBXCopyFilesBuildPhase;
			buildActionMask = 2147483647;
			dstPath = "";
			dstSubfolderSpec = 13;
			files = (
				443917562A684659003A9924 /* WidgetExtension.appex in Embed Foundation Extensions */,
			);
			name = "Embed Foundation Extensions";
			runOnlyForDeploymentPostprocessing = 0;
		};
/* End PBXCopyFilesBuildPhase section */

/* Begin PBXFileReference section */
		4439172B2A684618003A9924 /* Intentional.app */ = {isa = PBXFileReference; explicitFileType = wrapper.application; includeInIndex = 0; path = Intentional.app; sourceTree = BUILT_PRODUCTS_DIR; };
		4439172E2A684618003A9924 /* AppDelegate.swift */ = {isa = PBXFileReference; lastKnownFileType = sourcecode.swift; path = AppDelegate.swift; sourceTree = "<group>"; };
		443917302A684618003A9924 /* SceneDelegate.swift */ = {isa = PBXFileReference; lastKnownFileType = sourcecode.swift; path = SceneDelegate.swift; sourceTree = "<group>"; };
		443917322A684618003A9924 /* ViewController.swift */ = {isa = PBXFileReference; lastKnownFileType = sourcecode.swift; path = ViewController.swift; sourceTree = "<group>"; };
		443917352A684618003A9924 /* Base */ = {isa = PBXFileReference; lastKnownFileType = file.storyboard; name = Base; path = Base.lproj/Main.storyboard; sourceTree = "<group>"; };
		443917372A68461B003A9924 /* Assets.xcassets */ = {isa = PBXFileReference; lastKnownFileType = folder.assetcatalog; path = Assets.xcassets; sourceTree = "<group>"; };
		4439173A2A68461B003A9924 /* Base */ = {isa = PBXFileReference; lastKnownFileType = file.storyboard; name = Base; path = Base.lproj/LaunchScreen.storyboard; sourceTree = "<group>"; };
		4439173C2A68461B003A9924 /* Info.plist */ = {isa = PBXFileReference; lastKnownFileType = text.plist.xml; path = Info.plist; sourceTree = "<group>"; };
		443917462A684657003A9924 /* WidgetExtension.appex */ = {isa = PBXFileReference; explicitFileType = "wrapper.app-extension"; includeInIndex = 0; path = WidgetExtension.appex; sourceTree = BUILT_PRODUCTS_DIR; };
		443917482A684657003A9924 /* WidgetKit.framework */ = {isa = PBXFileReference; lastKnownFileType = wrapper.framework; name = WidgetKit.framework; path = System/Library/Frameworks/WidgetKit.framework; sourceTree = SDKROOT; };
		4439174A2A684657003A9924 /* SwiftUI.framework */ = {isa = PBXFileReference; lastKnownFileType = wrapper.framework; name = SwiftUI.framework; path = System/Library/Frameworks/SwiftUI.framework; sourceTree = SDKROOT; };
		4439174D2A684657003A9924 /* WidgetBundle.swift */ = {isa = PBXFileReference; lastKnownFileType = sourcecode.swift; path = WidgetBundle.swift; sourceTree = "<group>"; };
		4439174F2A684657003A9924 /* Widget.swift */ = {isa = PBXFileReference; lastKnownFileType = sourcecode.swift; path = Widget.swift; sourceTree = "<group>"; };
		443917512A684659003A9924 /* Assets.xcassets */ = {isa = PBXFileReference; lastKnownFileType = folder.assetcatalog; path = Assets.xcassets; sourceTree = "<group>"; };
		443917532A684659003A9924 /* Info.plist */ = {isa = PBXFileReference; lastKnownFileType = text.plist.xml; path = Info.plist; sourceTree = "<group>"; };
		4439175C2A6846BB003A9924 /* Debug.swift */ = {isa = PBXFileReference; fileEncoding = 4; lastKnownFileType = sourcecode.swift; path = Debug.swift; sourceTree = "<group>"; };
		4439175F2A684742003A9924 /* WidgetModel.swift */ = {isa = PBXFileReference; lastKnownFileType = sourcecode.swift; path = WidgetModel.swift; sourceTree = "<group>"; };
		443917622A684776003A9924 /* WidgetExtension.entitlements */ = {isa = PBXFileReference; lastKnownFileType = text.plist.entitlements; path = WidgetExtension.entitlements; sourceTree = "<group>"; };
		443917632A68478F003A9924 /* Intentional.entitlements */ = {isa = PBXFileReference; lastKnownFileType = text.plist.entitlements; path = Intentional.entitlements; sourceTree = "<group>"; };
/* End PBXFileReference section */

/* Begin PBXFrameworksBuildPhase section */
		443917282A684618003A9924 /* Frameworks */ = {
			isa = PBXFrameworksBuildPhase;
			buildActionMask = 2147483647;
			files = (
			);
			runOnlyForDeploymentPostprocessing = 0;
		};
		443917432A684657003A9924 /* Frameworks */ = {
			isa = PBXFrameworksBuildPhase;
			buildActionMask = 2147483647;
			files = (
				4439174B2A684657003A9924 /* SwiftUI.framework in Frameworks */,
				443917492A684657003A9924 /* WidgetKit.framework in Frameworks */,
			);
			runOnlyForDeploymentPostprocessing = 0;
		};
/* End PBXFrameworksBuildPhase section */

/* Begin PBXGroup section */
		443917222A684618003A9924 = {
			isa = PBXGroup;
			children = (
				443917622A684776003A9924 /* WidgetExtension.entitlements */,
				4439172D2A684618003A9924 /* Intentional */,
				4439174C2A684657003A9924 /* Widget */,
				443917472A684657003A9924 /* Frameworks */,
				4439172C2A684618003A9924 /* Products */,
			);
			sourceTree = "<group>";
		};
		4439172C2A684618003A9924 /* Products */ = {
			isa = PBXGroup;
			children = (
				4439172B2A684618003A9924 /* Intentional.app */,
				443917462A684657003A9924 /* WidgetExtension.appex */,
			);
			name = Products;
			sourceTree = "<group>";
		};
		4439172D2A684618003A9924 /* Intentional */ = {
			isa = PBXGroup;
			children = (
				443917632A68478F003A9924 /* Intentional.entitlements */,
				4439172E2A684618003A9924 /* AppDelegate.swift */,
				443917302A684618003A9924 /* SceneDelegate.swift */,
				443917322A684618003A9924 /* ViewController.swift */,
				4439175F2A684742003A9924 /* WidgetModel.swift */,
				4439175C2A6846BB003A9924 /* Debug.swift */,
				443917342A684618003A9924 /* Main.storyboard */,
				443917372A68461B003A9924 /* Assets.xcassets */,
				443917392A68461B003A9924 /* LaunchScreen.storyboard */,
				4439173C2A68461B003A9924 /* Info.plist */,
			);
			path = Intentional;
			sourceTree = "<group>";
		};
		443917472A684657003A9924 /* Frameworks */ = {
			isa = PBXGroup;
			children = (
				443917482A684657003A9924 /* WidgetKit.framework */,
				4439174A2A684657003A9924 /* SwiftUI.framework */,
			);
			name = Frameworks;
			sourceTree = "<group>";
		};
		4439174C2A684657003A9924 /* Widget */ = {
			isa = PBXGroup;
			children = (
				4439174D2A684657003A9924 /* WidgetBundle.swift */,
				4439174F2A684657003A9924 /* Widget.swift */,
				443917512A684659003A9924 /* Assets.xcassets */,
				443917532A684659003A9924 /* Info.plist */,
			);
			path = Widget;
			sourceTree = "<group>";
		};
/* End PBXGroup section */

/* Begin PBXNativeTarget section */
		4439172A2A684618003A9924 /* Intentional */ = {
			isa = PBXNativeTarget;
			buildConfigurationList = 4439173F2A68461B003A9924 /* Build configuration list for PBXNativeTarget "Intentional" */;
			buildPhases = (
				443917272A684618003A9924 /* Sources */,
				443917282A684618003A9924 /* Frameworks */,
				443917292A684618003A9924 /* Resources */,
				4439175A2A68465A003A9924 /* Embed Foundation Extensions */,
			);
			buildRules = (
			);
			dependencies = (
				443917552A684659003A9924 /* PBXTargetDependency */,
			);
			name = Intentional;
			productName = Intentional;
			productReference = 4439172B2A684618003A9924 /* Intentional.app */;
			productType = "com.apple.product-type.application";
		};
		443917452A684657003A9924 /* WidgetExtension */ = {
			isa = PBXNativeTarget;
			buildConfigurationList = 443917572A68465A003A9924 /* Build configuration list for PBXNativeTarget "WidgetExtension" */;
			buildPhases = (
				443917422A684657003A9924 /* Sources */,
				443917432A684657003A9924 /* Frameworks */,
				443917442A684657003A9924 /* Resources */,
			);
			buildRules = (
			);
			dependencies = (
			);
			name = WidgetExtension;
			productName = WidgetExtension;
			productReference = 443917462A684657003A9924 /* WidgetExtension.appex */;
			productType = "com.apple.product-type.app-extension";
		};
/* End PBXNativeTarget section */

/* Begin PBXProject section */
		443917232A684618003A9924 /* Project object */ = {
			isa = PBXProject;
			attributes = {
				BuildIndependentTargetsInParallel = 1;
				LastSwiftUpdateCheck = 1500;
				LastUpgradeCheck = 1500;
				TargetAttributes = {
					4439172A2A684618003A9924 = {
						CreatedOnToolsVersion = 15.0;
					};
					443917452A684657003A9924 = {
						CreatedOnToolsVersion = 15.0;
					};
				};
			};
			buildConfigurationList = 443917262A684618003A9924 /* Build configuration list for PBXProject "Intentional" */;
			compatibilityVersion = "Xcode 14.0";
			developmentRegion = en;
			hasScannedForEncodings = 0;
			knownRegions = (
				en,
				Base,
			);
			mainGroup = 443917222A684618003A9924;
			productRefGroup = 4439172C2A684618003A9924 /* Products */;
			projectDirPath = "";
			projectRoot = "";
			targets = (
				4439172A2A684618003A9924 /* Intentional */,
				443917452A684657003A9924 /* WidgetExtension */,
			);
		};
/* End PBXProject section */

/* Begin PBXResourcesBuildPhase section */
		443917292A684618003A9924 /* Resources */ = {
			isa = PBXResourcesBuildPhase;
			buildActionMask = 2147483647;
			files = (
				4439173B2A68461B003A9924 /* LaunchScreen.storyboard in Resources */,
				443917382A68461B003A9924 /* Assets.xcassets in Resources */,
				443917362A684618003A9924 /* Main.storyboard in Resources */,
			);
			runOnlyForDeploymentPostprocessing = 0;
		};
		443917442A684657003A9924 /* Resources */ = {
			isa = PBXResourcesBuildPhase;
			buildActionMask = 2147483647;
			files = (
				443917522A684659003A9924 /* Assets.xcassets in Resources */,
			);
			runOnlyForDeploymentPostprocessing = 0;
		};
/* End PBXResourcesBuildPhase section */

/* Begin PBXSourcesBuildPhase section */
		443917272A684618003A9924 /* Sources */ = {
			isa = PBXSourcesBuildPhase;
			buildActionMask = 2147483647;
			files = (
				443917332A684618003A9924 /* ViewController.swift in Sources */,
				4439175D2A6846BB003A9924 /* Debug.swift in Sources */,
				443917602A684742003A9924 /* WidgetModel.swift in Sources */,
				4439172F2A684618003A9924 /* AppDelegate.swift in Sources */,
				443917312A684618003A9924 /* SceneDelegate.swift in Sources */,
			);
			runOnlyForDeploymentPostprocessing = 0;
		};
		443917422A684657003A9924 /* Sources */ = {
			isa = PBXSourcesBuildPhase;
			buildActionMask = 2147483647;
			files = (
				4439174E2A684657003A9924 /* WidgetBundle.swift in Sources */,
				443917612A684742003A9924 /* WidgetModel.swift in Sources */,
				4439175E2A6846BB003A9924 /* Debug.swift in Sources */,
				443917502A684657003A9924 /* Widget.swift in Sources */,
			);
			runOnlyForDeploymentPostprocessing = 0;
		};
/* End PBXSourcesBuildPhase section */

/* Begin PBXTargetDependency section */
		443917552A684659003A9924 /* PBXTargetDependency */ = {
			isa = PBXTargetDependency;
			target = 443917452A684657003A9924 /* WidgetExtension */;
			targetProxy = 443917542A684659003A9924 /* PBXContainerItemProxy */;
		};
/* End PBXTargetDependency section */

/* Begin PBXVariantGroup section */
		443917342A684618003A9924 /* Main.storyboard */ = {
			isa = PBXVariantGroup;
			children = (
				443917352A684618003A9924 /* Base */,
			);
			name = Main.storyboard;
			sourceTree = "<group>";
		};
		443917392A68461B003A9924 /* LaunchScreen.storyboard */ = {
			isa = PBXVariantGroup;
			children = (
				4439173A2A68461B003A9924 /* Base */,
			);
			name = LaunchScreen.storyboard;
			sourceTree = "<group>";
		};
/* End PBXVariantGroup section */

/* Begin XCBuildConfiguration section */
		4439173D2A68461B003A9924 /* Debug */ = {
			isa = XCBuildConfiguration;
			buildSettings = {
				ALWAYS_SEARCH_USER_PATHS = NO;
				ASSETCATALOG_COMPILER_GENERATE_SWIFT_ASSET_SYMBOL_EXTENSIONS = YES;
				CLANG_ANALYZER_NONNULL = YES;
				CLANG_ANALYZER_NUMBER_OBJECT_CONVERSION = YES_AGGRESSIVE;
				CLANG_CXX_LANGUAGE_STANDARD = "gnu++20";
				CLANG_ENABLE_MODULES = YES;
				CLANG_ENABLE_OBJC_ARC = YES;
				CLANG_ENABLE_OBJC_WEAK = YES;
				CLANG_WARN_BLOCK_CAPTURE_AUTORELEASING = YES;
				CLANG_WARN_BOOL_CONVERSION = YES;
				CLANG_WARN_COMMA = YES;
				CLANG_WARN_CONSTANT_CONVERSION = YES;
				CLANG_WARN_DEPRECATED_OBJC_IMPLEMENTATIONS = YES;
				CLANG_WARN_DIRECT_OBJC_ISA_USAGE = YES_ERROR;
				CLANG_WARN_DOCUMENTATION_COMMENTS = YES;
				CLANG_WARN_EMPTY_BODY = YES;
				CLANG_WARN_ENUM_CONVERSION = YES;
				CLANG_WARN_INFINITE_RECURSION = YES;
				CLANG_WARN_INT_CONVERSION = YES;
				CLANG_WARN_NON_LITERAL_NULL_CONVERSION = YES;
				CLANG_WARN_OBJC_IMPLICIT_RETAIN_SELF = YES;
				CLANG_WARN_OBJC_LITERAL_CONVERSION = YES;
				CLANG_WARN_OBJC_ROOT_CLASS = YES_ERROR;
				CLANG_WARN_QUOTED_INCLUDE_IN_FRAMEWORK_HEADER = YES;
				CLANG_WARN_RANGE_LOOP_ANALYSIS = YES;
				CLANG_WARN_STRICT_PROTOTYPES = YES;
				CLANG_WARN_SUSPICIOUS_MOVE = YES;
				CLANG_WARN_UNGUARDED_AVAILABILITY = YES_AGGRESSIVE;
				CLANG_WARN_UNREACHABLE_CODE = YES;
				CLANG_WARN__DUPLICATE_METHOD_MATCH = YES;
				COPY_PHASE_STRIP = NO;
				DEBUG_INFORMATION_FORMAT = dwarf;
				ENABLE_STRICT_OBJC_MSGSEND = YES;
				ENABLE_TESTABILITY = YES;
				ENABLE_USER_SCRIPT_SANDBOXING = YES;
				GCC_C_LANGUAGE_STANDARD = gnu17;
				GCC_DYNAMIC_NO_PIC = NO;
				GCC_NO_COMMON_BLOCKS = YES;
				GCC_OPTIMIZATION_LEVEL = 0;
				GCC_PREPROCESSOR_DEFINITIONS = (
					"DEBUG=1",
					"$(inherited)",
				);
				GCC_WARN_64_TO_32_BIT_CONVERSION = YES;
				GCC_WARN_ABOUT_RETURN_TYPE = YES_ERROR;
				GCC_WARN_UNDECLARED_SELECTOR = YES;
				GCC_WARN_UNINITIALIZED_AUTOS = YES_AGGRESSIVE;
				GCC_WARN_UNUSED_FUNCTION = YES;
				GCC_WARN_UNUSED_VARIABLE = YES;
				IPHONEOS_DEPLOYMENT_TARGET = 17.0;
				LOCALIZATION_PREFERS_STRING_CATALOGS = YES;
				MTL_ENABLE_DEBUG_INFO = INCLUDE_SOURCE;
				MTL_FAST_MATH = YES;
				ONLY_ACTIVE_ARCH = YES;
				SDKROOT = iphoneos;
				SWIFT_ACTIVE_COMPILATION_CONDITIONS = "DEBUG $(inherited)";
				SWIFT_OPTIMIZATION_LEVEL = "-Onone";
			};
			name = Debug;
		};
		4439173E2A68461B003A9924 /* Release */ = {
			isa = XCBuildConfiguration;
			buildSettings = {
				ALWAYS_SEARCH_USER_PATHS = NO;
				ASSETCATALOG_COMPILER_GENERATE_SWIFT_ASSET_SYMBOL_EXTENSIONS = YES;
				CLANG_ANALYZER_NONNULL = YES;
				CLANG_ANALYZER_NUMBER_OBJECT_CONVERSION = YES_AGGRESSIVE;
				CLANG_CXX_LANGUAGE_STANDARD = "gnu++20";
				CLANG_ENABLE_MODULES = YES;
				CLANG_ENABLE_OBJC_ARC = YES;
				CLANG_ENABLE_OBJC_WEAK = YES;
				CLANG_WARN_BLOCK_CAPTURE_AUTORELEASING = YES;
				CLANG_WARN_BOOL_CONVERSION = YES;
				CLANG_WARN_COMMA = YES;
				CLANG_WARN_CONSTANT_CONVERSION = YES;
				CLANG_WARN_DEPRECATED_OBJC_IMPLEMENTATIONS = YES;
				CLANG_WARN_DIRECT_OBJC_ISA_USAGE = YES_ERROR;
				CLANG_WARN_DOCUMENTATION_COMMENTS = YES;
				CLANG_WARN_EMPTY_BODY = YES;
				CLANG_WARN_ENUM_CONVERSION = YES;
				CLANG_WARN_INFINITE_RECURSION = YES;
				CLANG_WARN_INT_CONVERSION = YES;
				CLANG_WARN_NON_LITERAL_NULL_CONVERSION = YES;
				CLANG_WARN_OBJC_IMPLICIT_RETAIN_SELF = YES;
				CLANG_WARN_OBJC_LITERAL_CONVERSION = YES;
				CLANG_WARN_OBJC_ROOT_CLASS = YES_ERROR;
				CLANG_WARN_QUOTED_INCLUDE_IN_FRAMEWORK_HEADER = YES;
				CLANG_WARN_RANGE_LOOP_ANALYSIS = YES;
				CLANG_WARN_STRICT_PROTOTYPES = YES;
				CLANG_WARN_SUSPICIOUS_MOVE = YES;
				CLANG_WARN_UNGUARDED_AVAILABILITY = YES_AGGRESSIVE;
				CLANG_WARN_UNREACHABLE_CODE = YES;
				CLANG_WARN__DUPLICATE_METHOD_MATCH = YES;
				COPY_PHASE_STRIP = NO;
				DEBUG_INFORMATION_FORMAT = "dwarf-with-dsym";
				ENABLE_NS_ASSERTIONS = NO;
				ENABLE_STRICT_OBJC_MSGSEND = YES;
				ENABLE_USER_SCRIPT_SANDBOXING = YES;
				GCC_C_LANGUAGE_STANDARD = gnu17;
				GCC_NO_COMMON_BLOCKS = YES;
				GCC_WARN_64_TO_32_BIT_CONVERSION = YES;
				GCC_WARN_ABOUT_RETURN_TYPE = YES_ERROR;
				GCC_WARN_UNDECLARED_SELECTOR = YES;
				GCC_WARN_UNINITIALIZED_AUTOS = YES_AGGRESSIVE;
				GCC_WARN_UNUSED_FUNCTION = YES;
				GCC_WARN_UNUSED_VARIABLE = YES;
				IPHONEOS_DEPLOYMENT_TARGET = 17.0;
				LOCALIZATION_PREFERS_STRING_CATALOGS = YES;
				MTL_ENABLE_DEBUG_INFO = NO;
				MTL_FAST_MATH = YES;
				SDKROOT = iphoneos;
				SWIFT_COMPILATION_MODE = wholemodule;
				VALIDATE_PRODUCT = YES;
			};
			name = Release;
		};
		443917402A68461B003A9924 /* Debug */ = {
			isa = XCBuildConfiguration;
			buildSettings = {
				ALWAYS_EMBED_SWIFT_STANDARD_LIBRARIES = YES;
				ASSETCATALOG_COMPILER_APPICON_NAME = AppIcon;
				ASSETCATALOG_COMPILER_GLOBAL_ACCENT_COLOR_NAME = AccentColor;
				CODE_SIGN_ENTITLEMENTS = Intentional/Intentional.entitlements;
				CODE_SIGN_STYLE = Automatic;
				CURRENT_PROJECT_VERSION = 1;
				DEVELOPMENT_TEAM = RYQWBTQRPT;
				GENERATE_INFOPLIST_FILE = YES;
				INFOPLIST_FILE = Intentional/Info.plist;
				INFOPLIST_KEY_UIApplicationSupportsIndirectInputEvents = YES;
				INFOPLIST_KEY_UILaunchStoryboardName = LaunchScreen;
				INFOPLIST_KEY_UIMainStoryboardFile = Main;
				INFOPLIST_KEY_UISupportedInterfaceOrientations_iPad = "UIInterfaceOrientationPortrait UIInterfaceOrientationPortraitUpsideDown UIInterfaceOrientationLandscapeLeft UIInterfaceOrientationLandscapeRight";
				INFOPLIST_KEY_UISupportedInterfaceOrientations_iPhone = "UIInterfaceOrientationPortrait UIInterfaceOrientationLandscapeLeft UIInterfaceOrientationLandscapeRight";
				LD_RUNPATH_SEARCH_PATHS = (
					"$(inherited)",
					"@executable_path/Frameworks",
				);
				MARKETING_VERSION = 1.0;
				PRODUCT_BUNDLE_IDENTIFIER = com.iconfactory.Intentional;
				PRODUCT_NAME = "$(TARGET_NAME)";
				SWIFT_EMIT_LOC_STRINGS = YES;
				SWIFT_VERSION = 5.0;
				TARGETED_DEVICE_FAMILY = "1,2";
			};
			name = Debug;
		};
		443917412A68461B003A9924 /* Release */ = {
			isa = XCBuildConfiguration;
			buildSettings = {
				ALWAYS_EMBED_SWIFT_STANDARD_LIBRARIES = YES;
				ASSETCATALOG_COMPILER_APPICON_NAME = AppIcon;
				ASSETCATALOG_COMPILER_GLOBAL_ACCENT_COLOR_NAME = AccentColor;
				CODE_SIGN_ENTITLEMENTS = Intentional/Intentional.entitlements;
				CODE_SIGN_STYLE = Automatic;
				CURRENT_PROJECT_VERSION = 1;
				DEVELOPMENT_TEAM = RYQWBTQRPT;
				GENERATE_INFOPLIST_FILE = YES;
				INFOPLIST_FILE = Intentional/Info.plist;
				INFOPLIST_KEY_UIApplicationSupportsIndirectInputEvents = YES;
				INFOPLIST_KEY_UILaunchStoryboardName = LaunchScreen;
				INFOPLIST_KEY_UIMainStoryboardFile = Main;
				INFOPLIST_KEY_UISupportedInterfaceOrientations_iPad = "UIInterfaceOrientationPortrait UIInterfaceOrientationPortraitUpsideDown UIInterfaceOrientationLandscapeLeft UIInterfaceOrientationLandscapeRight";
				INFOPLIST_KEY_UISupportedInterfaceOrientations_iPhone = "UIInterfaceOrientationPortrait UIInterfaceOrientationLandscapeLeft UIInterfaceOrientationLandscapeRight";
				LD_RUNPATH_SEARCH_PATHS = (
					"$(inherited)",
					"@executable_path/Frameworks",
				);
				MARKETING_VERSION = 1.0;
				PRODUCT_BUNDLE_IDENTIFIER = com.iconfactory.Intentional;
				PRODUCT_NAME = "$(TARGET_NAME)";
				SWIFT_EMIT_LOC_STRINGS = YES;
				SWIFT_VERSION = 5.0;
				TARGETED_DEVICE_FAMILY = "1,2";
			};
			name = Release;
		};
		443917582A68465A003A9924 /* Debug */ = {
			isa = XCBuildConfiguration;
			buildSettings = {
				ASSETCATALOG_COMPILER_GLOBAL_ACCENT_COLOR_NAME = AccentColor;
				ASSETCATALOG_COMPILER_WIDGET_BACKGROUND_COLOR_NAME = WidgetBackground;
				CODE_SIGN_ENTITLEMENTS = WidgetExtension.entitlements;
				CODE_SIGN_STYLE = Automatic;
				CURRENT_PROJECT_VERSION = 1;
				DEVELOPMENT_TEAM = RYQWBTQRPT;
				GENERATE_INFOPLIST_FILE = YES;
				INFOPLIST_FILE = Widget/Info.plist;
				INFOPLIST_KEY_CFBundleDisplayName = Widget;
				INFOPLIST_KEY_NSHumanReadableCopyright = "";
				LD_RUNPATH_SEARCH_PATHS = (
					"$(inherited)",
					"@executable_path/Frameworks",
					"@executable_path/../../Frameworks",
				);
				MARKETING_VERSION = 1.0;
				PRODUCT_BUNDLE_IDENTIFIER = com.iconfactory.Intentional.Widget;
				PRODUCT_NAME = "$(TARGET_NAME)";
				SKIP_INSTALL = YES;
				SWIFT_EMIT_LOC_STRINGS = YES;
				SWIFT_VERSION = 5.0;
				TARGETED_DEVICE_FAMILY = "1,2";
			};
			name = Debug;
		};
		443917592A68465A003A9924 /* Release */ = {
			isa = XCBuildConfiguration;
			buildSettings = {
				ASSETCATALOG_COMPILER_GLOBAL_ACCENT_COLOR_NAME = AccentColor;
				ASSETCATALOG_COMPILER_WIDGET_BACKGROUND_COLOR_NAME = WidgetBackground;
				CODE_SIGN_ENTITLEMENTS = WidgetExtension.entitlements;
				CODE_SIGN_STYLE = Automatic;
				CURRENT_PROJECT_VERSION = 1;
				DEVELOPMENT_TEAM = RYQWBTQRPT;
				GENERATE_INFOPLIST_FILE = YES;
				INFOPLIST_FILE = Widget/Info.plist;
				INFOPLIST_KEY_CFBundleDisplayName = Widget;
				INFOPLIST_KEY_NSHumanReadableCopyright = "";
				LD_RUNPATH_SEARCH_PATHS = (
					"$(inherited)",
					"@executable_path/Frameworks",
					"@executable_path/../../Frameworks",
				);
				MARKETING_VERSION = 1.0;
				PRODUCT_BUNDLE_IDENTIFIER = com.iconfactory.Intentional.Widget;
				PRODUCT_NAME = "$(TARGET_NAME)";
				SKIP_INSTALL = YES;
				SWIFT_EMIT_LOC_STRINGS = YES;
				SWIFT_VERSION = 5.0;
				TARGETED_DEVICE_FAMILY = "1,2";
			};
			name = Release;
		};
/* End XCBuildConfiguration section */

/* Begin XCConfigurationList section */
		443917262A684618003A9924 /* Build configuration list for PBXProject "Intentional" */ = {
			isa = XCConfigurationList;
			buildConfigurations = (
				4439173D2A68461B003A9924 /* Debug */,
				4439173E2A68461B003A9924 /* Release */,
			);
			defaultConfigurationIsVisible = 0;
			defaultConfigurationName = Release;
		};
		4439173F2A68461B003A9924 /* Build configuration list for PBXNativeTarget "Intentional" */ = {
			isa = XCConfigurationList;
			buildConfigurations = (
				443917402A68461B003A9924 /* Debug */,
				443917412A68461B003A9924 /* Release */,
			);
			defaultConfigurationIsVisible = 0;
			defaultConfigurationName = Release;
		};
		443917572A68465A003A9924 /* Build configuration list for PBXNativeTarget "WidgetExtension" */ = {
			isa = XCConfigurationList;
			buildConfigurations = (
				443917582A68465A003A9924 /* Debug */,
				443917592A68465A003A9924 /* Release */,
			);
			defaultConfigurationIsVisible = 0;
			defaultConfigurationName = Release;
		};
/* End XCConfigurationList section */
	};
	rootObject = 443917232A684618003A9924 /* Project object */;
}
